
Microsoft Visual Studio Solution File, Format Version 12.00
# Visual Studio Version 17
VisualStudioVersion = 17.6.33815.320
MinimumVisualStudioVersion = 10.0.40219.1
Project("{FAE04EC0-301F-11D3-BF4B-00C04F79EFBC}") = "EasyCashIdentityProject.EntityLayer", "EasyCashIdentityProject.EntityProject\EasyCashIdentityProject.EntityLayer.csproj", "{6C0DC318-584E-4F86-900A-64F6AD2EDAEF}"
EndProject
Project("{FAE04EC0-301F-11D3-BF4B-00C04F79EFBC}") = "EasyCashIdentityProject.DataAccessLayer", "EasyCashIdentityProject.DataAccessLayer\EasyCashIdentityProject.DataAccessLayer.csproj", "{EEBF7184-7981-475D-82AE-84520C8CC3EE}"
EndProject
Project("{FAE04EC0-301F-11D3-BF4B-00C04F79EFBC}") = "EasyCashIdentityProject.BusinessLayer", "EasyCashIdentityProject.BusinessLayer\EasyCashIdentityProject.BusinessLayer.csproj", "{CF9C1943-543F-4764-A291-62F198413EF4}"
EndProject
Project("{FAE04EC0-301F-11D3-BF4B-00C04F79EFBC}") = "EasyCashIdentityProject.DtoLayer", "EasyCashIdentityProject.DtoLayer\EasyCashIdentityProject.DtoLayer.csproj", "{EDD3487D-E054-4310-9B57-E5B71CEA57AE}"
EndProject
Project("{FAE04EC0-301F-11D3-BF4B-00C04F79EFBC}") = "EasyCashIdentityProject.PresentationLayer", "EasyCashIdentityProject.PresentationLayer\EasyCashIdentityProject.PresentationLayer.csproj", "{45FBDFAA-D54B-457E-8117-1DB10A8797E4}"
EndProject
Global
	GlobalSection(SolutionConfigurationPlatforms) = preSolution
		Debug|Any CPU = Debug|Any CPU
		Release|Any CPU = Release|Any CPU
	EndGlobalSection
	GlobalSection(ProjectConfigurationPlatforms) = postSolution
		{6C0DC318-584E-4F86-900A-64F6AD2EDAEF}.Debug|Any CPU.ActiveCfg = Debug|Any CPU
		{6C0DC318-584E-4F86-900A-64F6AD2EDAEF}.Debug|Any CPU.Build.0 = Debug|Any CPU
		{6C0DC318-584E-4F86-900A-64F6AD2EDAEF}.Release|Any CPU.ActiveCfg = Release|Any CPU
		{6C0DC318-584E-4F86-900A-64F6AD2EDAEF}.Release|Any CPU.Build.0 = Release|Any CPU
		{EEBF7184-7981-475D-82AE-84520C8CC3EE}.Debug|Any CPU.ActiveCfg = Debug|Any CPU
		{EEBF7184-7981-475D-82AE-84520C8CC3EE}.Debug|Any CPU.Build.0 = Debug|Any CPU
		{EEBF7184-7981-475D-82AE-84520C8CC3EE}.Release|Any CPU.ActiveCfg = Release|Any CPU
		{EEBF7184-7981-475D-82AE-84520C8CC3EE}.Release|Any CPU.Build.0 = Release|Any CPU
		{CF9C1943-543F-4764-A291-62F198413EF4}.Debug|Any CPU.ActiveCfg = Debug|Any CPU
		{CF9C1943-543F-4764-A291-62F198413EF4}.Debug|Any CPU.Build.0 = Debug|Any CPU
		{CF9C1943-543F-4764-A291-62F198413EF4}.Release|Any CPU.ActiveCfg = Release|Any CPU
		{CF9C1943-543F-4764-A291-62F198413EF4}.Release|Any CPU.Build.0 = Release|Any CPU
		{EDD3487D-E054-4310-9B57-E5B71CEA57AE}.Debug|Any CPU.ActiveCfg = Debug|Any CPU
		{EDD3487D-E054-4310-9B57-E5B71CEA57AE}.Debug|Any CPU.Build.0 = Debug|Any CPU
		{EDD3487D-E054-4310-9B57-E5B71CEA57AE}.Release|Any CPU.ActiveCfg = Release|Any CPU
		{EDD3487D-E054-4310-9B57-E5B71CEA57AE}.Release|Any CPU.Build.0 = Release|Any CPU
		{45FBDFAA-D54B-457E-8117-1DB10A8797E4}.Debug|Any CPU.ActiveCfg = Debug|Any CPU
		{45FBDFAA-D54B-457E-8117-1DB10A8797E4}.Debug|Any CPU.Build.0 = Debug|Any CPU
		{45FBDFAA-D54B-457E-8117-1DB10A8797E4}.Release|Any CPU.ActiveCfg = Release|Any CPU
		{45FBDFAA-D54B-457E-8117-1DB10A8797E4}.Release|Any CPU.Build.0 = Release|Any CPU
	EndGlobalSection
	GlobalSection(SolutionProperties) = preSolution
		HideSolutionNode = FALSE
	EndGlobalSection
	GlobalSection(ExtensibilityGlobals) = postSolution
		SolutionGuid = {4DB59AD0-8C6E-48F0-BCF0-8A6C0191CE3B}
	EndGlobalSection
EndGlobal
